{
  "requires": true,
  "lockfileVersion": 1,
  "dependencies": {
    "mii-open-api": {
      "version": "0.1.1",
      "resolved": "https://registry.npm.taobao.org/mii-open-api/download/mii-open-api-0.1.1.tgz",
      "integrity": "sha1-V/u9K2O3f65w1tkM0jJ19ultrDQ=",
      "requires": {
        "action-core": "^0.2.5"
      },
      "dependencies": {
        "action-core": {
          "version": "0.2.5",
          "resolved": "https://registry.npm.taobao.org/action-core/download/action-core-0.2.5.tgz",
          "integrity": "sha1-bM1YjZuYO1ef2gWojntoRMMVpnI=",
          "requires": {
            "ts-brand-json": "^0.1.1"
          }
        }
      }
    },
    "ts-brand": {
      "version": "0.0.2",
      "resolved": "https://registry.npm.taobao.org/ts-brand/download/ts-brand-0.0.2.tgz",
      "integrity": "sha1-tsvKaslN8QUKBYROI5ROrtoXOKA="
    },
    "ts-brand-json": {
      "version": "0.1.1",
      "resolved": "https://registry.npm.taobao.org/ts-brand-json/download/ts-brand-json-0.1.1.tgz",
      "integrity": "sha1-OzS/mq/13YeUIilz9rDqlae+gsc=",
      "requires": {
        "ts-brand": "^0.0.2"
      }
    },
    "tslib": {
      "version": "2.0.0",
      "resolved": "https://registry.npm.taobao.org/tslib/download/tslib-2.0.0.tgz",
      "integrity": "sha1-GNE/wtzgQFHiDwdMyDh/2Aic5PM="
    }
  }
}
